
Microsoft Visual Studio Solution File, Format Version 12.00
# Visual Studio Version 17
VisualStudioVersion = 17.4.33403.182
MinimumVisualStudioVersion = 10.0.40219.1
Project("{FAE04EC0-301F-11D3-BF4B-00C04F79EFBC}") = "PhilipsDinner", "PhilipsDinner\PhilipsDinner.csproj", "{6EB16DEE-A09A-4636-8595-73E81FF64EA1}"
EndProject
Project("{FAE04EC0-301F-11D3-BF4B-00C04F79EFBC}") = "ClassLibrary", "ClassLibrary\ClassLibrary.csproj", "{4BA89557-47A9-4D61-BF2C-30C7796C7F94}"
EndProject
Global
	GlobalSection(SolutionConfigurationPlatforms) = preSolution
		Debug|Any CPU = Debug|Any CPU
		Release|Any CPU = Release|Any CPU
	EndGlobalSection
	GlobalSection(ProjectConfigurationPlatforms) = postSolution
		{6EB16DEE-A09A-4636-8595-73E81FF64EA1}.Debug|Any CPU.ActiveCfg = Debug|Any CPU
		{6EB16DEE-A09A-4636-8595-73E81FF64EA1}.Debug|Any CPU.Build.0 = Debug|Any CPU
		{6EB16DEE-A09A-4636-8595-73E81FF64EA1}.Release|Any CPU.ActiveCfg = Release|Any CPU
		{6EB16DEE-A09A-4636-8595-73E81FF64EA1}.Release|Any CPU.Build.0 = Release|Any CPU
		{4BA89557-47A9-4D61-BF2C-30C7796C7F94}.Debug|Any CPU.ActiveCfg = Debug|Any CPU
		{4BA89557-47A9-4D61-BF2C-30C7796C7F94}.Debug|Any CPU.Build.0 = Debug|Any CPU
		{4BA89557-47A9-4D61-BF2C-30C7796C7F94}.Release|Any CPU.ActiveCfg = Release|Any CPU
		{4BA89557-47A9-4D61-BF2C-30C7796C7F94}.Release|Any CPU.Build.0 = Release|Any CPU
	EndGlobalSection
	GlobalSection(SolutionProperties) = preSolution
		HideSolutionNode = FALSE
	EndGlobalSection
	GlobalSection(ExtensibilityGlobals) = postSolution
		SolutionGuid = {CB716CC7-3B11-4F56-ACDA-7A80815A77A8}
	EndGlobalSection
EndGlobal
